// !$*UTF8*$!
{
	archiveVersion = 1;
	classes = {
	};
	objectVersion = 46;
	objects = {

/* Begin PBXBuildFile section */
		7D4FB189149FFD99008AB402 /* UIKit.framework in Frameworks */ = {isa = PBXBuildFile; fileRef = 7D4FB188149FFD99008AB402 /* UIKit.framework */; };
		7D4FB18B149FFD99008AB402 /* Foundation.framework in Frameworks */ = {isa = PBXBuildFile; fileRef = 7D4FB18A149FFD99008AB402 /* Foundation.framework */; };
		7D4FB18D149FFD99008AB402 /* CoreGraphics.framework in Frameworks */ = {isa = PBXBuildFile; fileRef = 7D4FB18C149FFD99008AB402 /* CoreGraphics.framework */; };
		7D4FB193149FFD99008AB402 /* InfoPlist.strings in Resources */ = {isa = PBXBuildFile; fileRef = 7D4FB191149FFD99008AB402 /* InfoPlist.strings */; };
		7D4FB195149FFD99008AB402 /* main.m in Sources */ = {isa = PBXBuildFile; fileRef = 7D4FB194149FFD99008AB402 /* main.m */; };
		7D4FB199149FFD99008AB402 /* BullsEyeAppDelegate.m in Sources */ = {isa = PBXBuildFile; fileRef = 7D4FB198149FFD99008AB402 /* BullsEyeAppDelegate.m */; };
		7D4FB19C149FFD99008AB402 /* BullsEyeViewController.m in Sources */ = {isa = PBXBuildFile; fileRef = 7D4FB19B149FFD99008AB402 /* BullsEyeViewController.m */; };
		7D4FB19F149FFD99008AB402 /* BullsEyeViewController.xib in Resources */ = {isa = PBXBuildFile; fileRef = 7D4FB19D149FFD99008AB402 /* BullsEyeViewController.xib */; };
		B536D19414A0FFA80072286F /* AboutViewController.m in Sources */ = {isa = PBXBuildFile; fileRef = B536D19214A0FFA80072286F /* AboutViewController.m */; };
		B536D19514A0FFA80072286F /* AboutViewController.xib in Resources */ = {isa = PBXBuildFile; fileRef = B536D19314A0FFA80072286F /* AboutViewController.xib */; };
		B536D1A114A131550072286F /* Background.png in Resources */ = {isa = PBXBuildFile; fileRef = B536D19814A131550072286F /* Background.png */; };
		B536D1A214A131550072286F /* Button-Highlighted.png in Resources */ = {isa = PBXBuildFile; fileRef = B536D19914A131550072286F /* Button-Highlighted.png */; };
		B536D1A314A131550072286F /* Button-Normal.png in Resources */ = {isa = PBXBuildFile; fileRef = B536D19A14A131550072286F /* Button-Normal.png */; };
		B536D1A414A131550072286F /* SliderThumb-Highlighted.png in Resources */ = {isa = PBXBuildFile; fileRef = B536D19B14A131550072286F /* SliderThumb-Highlighted.png */; };
		B536D1A514A131550072286F /* SliderThumb-Normal.png in Resources */ = {isa = PBXBuildFile; fileRef = B536D19C14A131550072286F /* SliderThumb-Normal.png */; };
		B536D1A614A131550072286F /* SliderTrackLeft.png in Resources */ = {isa = PBXBuildFile; fileRef = B536D19D14A131550072286F /* SliderTrackLeft.png */; };
		B536D1A714A131550072286F /* SliderTrackRight.png in Resources */ = {isa = PBXBuildFile; fileRef = B536D19E14A131550072286F /* SliderTrackRight.png */; };
		B536D1A814A131550072286F /* StartOverButton.png in Resources */ = {isa = PBXBuildFile; fileRef = B536D19F14A131550072286F /* StartOverButton.png */; };
		B536D1A914A131550072286F /* StartOverIcon.png in Resources */ = {isa = PBXBuildFile; fileRef = B536D1A014A131550072286F /* StartOverIcon.png */; };
		B536D1AB14A13A8D0072286F /* BullsEye.html in Resources */ = {isa = PBXBuildFile; fileRef = B536D1AA14A13A8D0072286F /* BullsEye.html */; };
		B536D1B614A13F230072286F /* Background@2x.png in Resources */ = {isa = PBXBuildFile; fileRef = B536D1AD14A13F230072286F /* Background@2x.png */; };
		B536D1B714A13F230072286F /* Button-Highlighted@2x.png in Resources */ = {isa = PBXBuildFile; fileRef = B536D1AE14A13F230072286F /* Button-Highlighted@2x.png */; };
		B536D1B814A13F230072286F /* Button-Normal@2x.png in Resources */ = {isa = PBXBuildFile; fileRef = B536D1AF14A13F230072286F /* Button-Normal@2x.png */; };
		B536D1B914A13F230072286F /* SliderThumb-Highlighted@2x.png in Resources */ = {isa = PBXBuildFile; fileRef = B536D1B014A13F230072286F /* SliderThumb-Highlighted@2x.png */; };
		B536D1BA14A13F230072286F /* SliderThumb-Normal@2x.png in Resources */ = {isa = PBXBuildFile; fileRef = B536D1B114A13F230072286F /* SliderThumb-Normal@2x.png */; };
		B536D1BB14A13F230072286F /* SliderTrackLeft@2x.png in Resources */ = {isa = PBXBuildFile; fileRef = B536D1B214A13F230072286F /* SliderTrackLeft@2x.png */; };
		B536D1BC14A13F230072286F /* SliderTrackRight@2x.png in Resources */ = {isa = PBXBuildFile; fileRef = B536D1B314A13F230072286F /* SliderTrackRight@2x.png */; };
		B536D1BD14A13F230072286F /* StartOverButton@2x.png in Resources */ = {isa = PBXBuildFile; fileRef = B536D1B414A13F230072286F /* StartOverButton@2x.png */; };
		B536D1BE14A13F230072286F /* StartOverIcon@2x.png in Resources */ = {isa = PBXBuildFile; fileRef = B536D1B514A13F230072286F /* StartOverIcon@2x.png */; };
		B536D1C014A140260072286F /* QuartzCore.framework in Frameworks */ = {isa = PBXBuildFile; fileRef = B536D1BF14A140260072286F /* QuartzCore.framework */; };
		B536D1C914A140920072286F /* Icon-72.png in Resources */ = {isa = PBXBuildFile; fileRef = B536D1C214A140920072286F /* Icon-72.png */; };
		B536D1CA14A140920072286F /* Icon-Small-50.png in Resources */ = {isa = PBXBuildFile; fileRef = B536D1C314A140920072286F /* Icon-Small-50.png */; };
		B536D1CB14A140920072286F /* Icon-Small.png in Resources */ = {isa = PBXBuildFile; fileRef = B536D1C414A140920072286F /* Icon-Small.png */; };
		B536D1CC14A140920072286F /* Icon-Small@2x.png in Resources */ = {isa = PBXBuildFile; fileRef = B536D1C514A140920072286F /* Icon-Small@2x.png */; };
		B536D1CD14A140920072286F /* Icon.png in Resources */ = {isa = PBXBuildFile; fileRef = B536D1C614A140920072286F /* Icon.png */; };
		B536D1CE14A140920072286F /* Icon@2x.png in Resources */ = {isa = PBXBuildFile; fileRef = B536D1C714A140920072286F /* Icon@2x.png */; };
		B536D1CF14A140920072286F /* iTunesArtwork in Resources */ = {isa = PBXBuildFile; fileRef = B536D1C814A140920072286F /* iTunesArtwork */; };
		B536D1E814A159EC0072286F /* Default.png in Resources */ = {isa = PBXBuildFile; fileRef = B536D1E614A159EC0072286F /* Default.png */; };
		B536D1E914A159EC0072286F /* Default@2x.png in Resources */ = {isa = PBXBuildFile; fileRef = B536D1E714A159EC0072286F /* Default@2x.png */; };
/* End PBXBuildFile section */

/* Begin PBXFileReference section */
		7D4FB184149FFD99008AB402 /* BullsEye.app */ = {isa = PBXFileReference; explicitFileType = wrapper.application; includeInIndex = 0; path = BullsEye.app; sourceTree = BUILT_PRODUCTS_DIR; };
		7D4FB188149FFD99008AB402 /* UIKit.framework */ = {isa = PBXFileReference; lastKnownFileType = wrapper.framework; name = UIKit.framework; path = System/Library/Frameworks/UIKit.framework; sourceTree = SDKROOT; };
		7D4FB18A149FFD99008AB402 /* Foundation.framework */ = {isa = PBXFileReference; lastKnownFileType = wrapper.framework; name = Foundation.framework; path = System/Library/Frameworks/Foundation.framework; sourceTree = SDKROOT; };
		7D4FB18C149FFD99008AB402 /* CoreGraphics.framework */ = {isa = PBXFileReference; lastKnownFileType = wrapper.framework; name = CoreGraphics.framework; path = System/Library/Frameworks/CoreGraphics.framework; sourceTree = SDKROOT; };
		7D4FB190149FFD99008AB402 /* BullsEye-Info.plist */ = {isa = PBXFileReference; lastKnownFileType = text.plist.xml; path = "BullsEye-Info.plist"; sourceTree = "<group>"; };
		7D4FB192149FFD99008AB402 /* en */ = {isa = PBXFileReference; lastKnownFileType = text.plist.strings; name = en; path = en.lproj/InfoPlist.strings; sourceTree = "<group>"; };
		7D4FB194149FFD99008AB402 /* main.m */ = {isa = PBXFileReference; lastKnownFileType = sourcecode.c.objc; path = main.m; sourceTree = "<group>"; };
		7D4FB196149FFD99008AB402 /* BullsEye-Prefix.pch */ = {isa = PBXFileReference; lastKnownFileType = sourcecode.c.h; path = "BullsEye-Prefix.pch"; sourceTree = "<group>"; };
		7D4FB197149FFD99008AB402 /* BullsEyeAppDelegate.h */ = {isa = PBXFileReference; lastKnownFileType = sourcecode.c.h; path = BullsEyeAppDelegate.h; sourceTree = "<group>"; };
		7D4FB198149FFD99008AB402 /* BullsEyeAppDelegate.m */ = {isa = PBXFileReference; lastKnownFileType = sourcecode.c.objc; path = BullsEyeAppDelegate.m; sourceTree = "<group>"; };
		7D4FB19A149FFD99008AB402 /* BullsEyeViewController.h */ = {isa = PBXFileReference; lastKnownFileType = sourcecode.c.h; path = BullsEyeViewController.h; sourceTree = "<group>"; };
		7D4FB19B149FFD99008AB402 /* BullsEyeViewController.m */ = {isa = PBXFileReference; lastKnownFileType = sourcecode.c.objc; path = BullsEyeViewController.m; sourceTree = "<group>"; };
		7D4FB19E149FFD99008AB402 /* en */ = {isa = PBXFileReference; lastKnownFileType = file.xib; name = en; path = en.lproj/BullsEyeViewController.xib; sourceTree = "<group>"; };
		B536D19114A0FFA80072286F /* AboutViewController.h */ = {isa = PBXFileReference; fileEncoding = 4; lastKnownFileType = sourcecode.c.h; path = AboutViewController.h; sourceTree = "<group>"; };
		B536D19214A0FFA80072286F /* AboutViewController.m */ = {isa = PBXFileReference; fileEncoding = 4; lastKnownFileType = sourcecode.c.objc; path = AboutViewController.m; sourceTree = "<group>"; };
		B536D19314A0FFA80072286F /* AboutViewController.xib */ = {isa = PBXFileReference; fileEncoding = 4; lastKnownFileType = file.xib; path = AboutViewController.xib; sourceTree = "<group>"; };
		B536D19814A131550072286F /* Background.png */ = {isa = PBXFileReference; lastKnownFileType = image.png; path = Background.png; sourceTree = "<group>"; };
		B536D19914A131550072286F /* Button-Highlighted.png */ = {isa = PBXFileReference; lastKnownFileType = image.png; path = "Button-Highlighted.png"; sourceTree = "<group>"; };
		B536D19A14A131550072286F /* Button-Normal.png */ = {isa = PBXFileReference; lastKnownFileType = image.png; path = "Button-Normal.png"; sourceTree = "<group>"; };
		B536D19B14A131550072286F /* SliderThumb-Highlighted.png */ = {isa = PBXFileReference; lastKnownFileType = image.png; path = "SliderThumb-Highlighted.png"; sourceTree = "<group>"; };
		B536D19C14A131550072286F /* SliderThumb-Normal.png */ = {isa = PBXFileReference; lastKnownFileType = image.png; path = "SliderThumb-Normal.png"; sourceTree = "<group>"; };
		B536D19D14A131550072286F /* SliderTrackLeft.png */ = {isa = PBXFileReference; lastKnownFileType = image.png; path = SliderTrackLeft.png; sourceTree = "<group>"; };
		B536D19E14A131550072286F /* SliderTrackRight.png */ = {isa = PBXFileReference; lastKnownFileType = image.png; path = SliderTrackRight.png; sourceTree = "<group>"; };
		B536D19F14A131550072286F /* StartOverButton.png */ = {isa = PBXFileReference; lastKnownFileType = image.png; path = StartOverButton.png; sourceTree = "<group>"; };
		B536D1A014A131550072286F /* StartOverIcon.png */ = {isa = PBXFileReference; lastKnownFileType = image.png; path = StartOverIcon.png; sourceTree = "<group>"; };
		B536D1AA14A13A8D0072286F /* BullsEye.html */ = {isa = PBXFileReference; fileEncoding = 4; lastKnownFileType = text.html; path = BullsEye.html; sourceTree = "<group>"; };
		B536D1AD14A13F230072286F /* Background@2x.png */ = {isa = PBXFileReference; lastKnownFileType = image.png; path = "Background@2x.png"; sourceTree = "<group>"; };
		B536D1AE14A13F230072286F /* Button-Highlighted@2x.png */ = {isa = PBXFileReference; lastKnownFileType = image.png; path = "Button-Highlighted@2x.png"; sourceTree = "<group>"; };
		B536D1AF14A13F230072286F /* Button-Normal@2x.png */ = {isa = PBXFileReference; lastKnownFileType = image.png; path = "Button-Normal@2x.png"; sourceTree = "<group>"; };
		B536D1B014A13F230072286F /* SliderThumb-Highlighted@2x.png */ = {isa = PBXFileReference; lastKnownFileType = image.png; path = "SliderThumb-Highlighted@2x.png"; sourceTree = "<group>"; };
		B536D1B114A13F230072286F /* SliderThumb-Normal@2x.png */ = {isa = PBXFileReference; lastKnownFileType = image.png; path = "SliderThumb-Normal@2x.png"; sourceTree = "<group>"; };
		B536D1B214A13F230072286F /* SliderTrackLeft@2x.png */ = {isa = PBXFileReference; lastKnownFileType = image.png; path = "SliderTrackLeft@2x.png"; sourceTree = "<group>"; };
		B536D1B314A13F230072286F /* SliderTrackRight@2x.png */ = {isa = PBXFileReference; lastKnownFileType = image.png; path = "SliderTrackRight@2x.png"; sourceTree = "<group>"; };
		B536D1B414A13F230072286F /* StartOverButton@2x.png */ = {isa = PBXFileReference; lastKnownFileType = image.png; path = "StartOverButton@2x.png"; sourceTree = "<group>"; };
		B536D1B514A13F230072286F /* StartOverIcon@2x.png */ = {isa = PBXFileReference; lastKnownFileType = image.png; path = "StartOverIcon@2x.png"; sourceTree = "<group>"; };
		B536D1BF14A140260072286F /* QuartzCore.framework */ = {isa = PBXFileReference; lastKnownFileType = wrapper.framework; name = QuartzCore.framework; path = System/Library/Frameworks/QuartzCore.framework; sourceTree = SDKROOT; };
		B536D1C214A140920072286F /* Icon-72.png */ = {isa = PBXFileReference; lastKnownFileType = image.png; path = "Icon-72.png"; sourceTree = "<group>"; };
		B536D1C314A140920072286F /* Icon-Small-50.png */ = {isa = PBXFileReference; lastKnownFileType = image.png; path = "Icon-Small-50.png"; sourceTree = "<group>"; };
		B536D1C414A140920072286F /* Icon-Small.png */ = {isa = PBXFileReference; lastKnownFileType = image.png; path = "Icon-Small.png"; sourceTree = "<group>"; };
		B536D1C514A140920072286F /* Icon-Small@2x.png */ = {isa = PBXFileReference; lastKnownFileType = image.png; path = "Icon-Small@2x.png"; sourceTree = "<group>"; };
		B536D1C614A140920072286F /* Icon.png */ = {isa = PBXFileReference; lastKnownFileType = image.png; path = Icon.png; sourceTree = "<group>"; };
		B536D1C714A140920072286F /* Icon@2x.png */ = {isa = PBXFileReference; lastKnownFileType = image.png; path = "Icon@2x.png"; sourceTree = "<group>"; };
		B536D1C814A140920072286F /* iTunesArtwork */ = {isa = PBXFileReference; lastKnownFileType = file; path = iTunesArtwork; sourceTree = "<group>"; };
		B536D1E614A159EC0072286F /* Default.png */ = {isa = PBXFileReference; lastKnownFileType = image.png; path = Default.png; sourceTree = "<group>"; };
		B536D1E714A159EC0072286F /* Default@2x.png */ = {isa = PBXFileReference; lastKnownFileType = image.png; path = "Default@2x.png"; sourceTree = "<group>"; };
/* End PBXFileReference section */

/* Begin PBXFrameworksBuildPhase section */
		7D4FB181149FFD99008AB402 /* Frameworks */ = {
			isa = PBXFrameworksBuildPhase;
			buildActionMask = 2147483647;
			files = (
				B536D1C014A140260072286F /* QuartzCore.framework in Frameworks */,
				7D4FB189149FFD99008AB402 /* UIKit.framework in Frameworks */,
				7D4FB18B149FFD99008AB402 /* Foundation.framework in Frameworks */,
				7D4FB18D149FFD99008AB402 /* CoreGraphics.framework in Frameworks */,
			);
			runOnlyForDeploymentPostprocessing = 0;
		};
/* End PBXFrameworksBuildPhase section */

/* Begin PBXGroup section */
		7D4FB179149FFD99008AB402 = {
			isa = PBXGroup;
			children = (
				B536D1E614A159EC0072286F /* Default.png */,
				B536D1E714A159EC0072286F /* Default@2x.png */,
				B536D1C114A140920072286F /* Icon */,
				B536D1BF14A140260072286F /* QuartzCore.framework */,
				B536D1AC14A13F230072286F /* Retina Images */,
				B536D1AA14A13A8D0072286F /* BullsEye.html */,
				B536D19714A131550072286F /* Images */,
				7D4FB18E149FFD99008AB402 /* BullsEye */,
				7D4FB187149FFD99008AB402 /* Frameworks */,
				7D4FB185149FFD99008AB402 /* Products */,
			);
			sourceTree = "<group>";
		};
		7D4FB185149FFD99008AB402 /* Products */ = {
			isa = PBXGroup;
			children = (
				7D4FB184149FFD99008AB402 /* BullsEye.app */,
			);
			name = Products;
			sourceTree = "<group>";
		};
		7D4FB187149FFD99008AB402 /* Frameworks */ = {
			isa = PBXGroup;
			children = (
				7D4FB188149FFD99008AB402 /* UIKit.framework */,
				7D4FB18A149FFD99008AB402 /* Foundation.framework */,
				7D4FB18C149FFD99008AB402 /* CoreGraphics.framework */,
			);
			name = Frameworks;
			sourceTree = "<group>";
		};
		7D4FB18E149FFD99008AB402 /* BullsEye */ = {
			isa = PBXGroup;
			children = (
				7D4FB197149FFD99008AB402 /* BullsEyeAppDelegate.h */,
				7D4FB198149FFD99008AB402 /* BullsEyeAppDelegate.m */,
				7D4FB19A149FFD99008AB402 /* BullsEyeViewController.h */,
				7D4FB19B149FFD99008AB402 /* BullsEyeViewController.m */,
				7D4FB19D149FFD99008AB402 /* BullsEyeViewController.xib */,
				B536D19114A0FFA80072286F /* AboutViewController.h */,
				B536D19214A0FFA80072286F /* AboutViewController.m */,
				B536D19314A0FFA80072286F /* AboutViewController.xib */,
				7D4FB18F149FFD99008AB402 /* Supporting Files */,
			);
			path = BullsEye;
			sourceTree = "<group>";
		};
		7D4FB18F149FFD99008AB402 /* Supporting Files */ = {
			isa = PBXGroup;
			children = (
				7D4FB190149FFD99008AB402 /* BullsEye-Info.plist */,
				7D4FB191149FFD99008AB402 /* InfoPlist.strings */,
				7D4FB194149FFD99008AB402 /* main.m */,
				7D4FB196149FFD99008AB402 /* BullsEye-Prefix.pch */,
			);
			name = "Supporting Files";
			sourceTree = "<group>";
		};
		B536D19714A131550072286F /* Images */ = {
			isa = PBXGroup;
			children = (
				B536D19814A131550072286F /* Background.png */,
				B536D19914A131550072286F /* Button-Highlighted.png */,
				B536D19A14A131550072286F /* Button-Normal.png */,
				B536D19B14A131550072286F /* SliderThumb-Highlighted.png */,
				B536D19C14A131550072286F /* SliderThumb-Normal.png */,
				B536D19D14A131550072286F /* SliderTrackLeft.png */,
				B536D19E14A131550072286F /* SliderTrackRight.png */,
				B536D19F14A131550072286F /* StartOverButton.png */,
				B536D1A014A131550072286F /* StartOverIcon.png */,
			);
			path = Images;
			sourceTree = "<group>";
		};
		B536D1AC14A13F230072286F /* Retina Images */ = {
			isa = PBXGroup;
			children = (
				B536D1AD14A13F230072286F /* Background@2x.png */,
				B536D1AE14A13F230072286F /* Button-Highlighted@2x.png */,
				B536D1AF14A13F230072286F /* Button-Normal@2x.png */,
				B536D1B014A13F230072286F /* SliderThumb-Highlighted@2x.png */,
				B536D1B114A13F230072286F /* SliderThumb-Normal@2x.png */,
				B536D1B214A13F230072286F /* SliderTrackLeft@2x.png */,
				B536D1B314A13F230072286F /* SliderTrackRight@2x.png */,
				B536D1B414A13F230072286F /* StartOverButton@2x.png */,
				B536D1B514A13F230072286F /* StartOverIcon@2x.png */,
			);
			path = "Retina Images";
			sourceTree = "<group>";
		};
		B536D1C114A140920072286F /* Icon */ = {
			isa = PBXGroup;
			children = (
				B536D1C214A140920072286F /* Icon-72.png */,
				B536D1C314A140920072286F /* Icon-Small-50.png */,
				B536D1C414A140920072286F /* Icon-Small.png */,
				B536D1C514A140920072286F /* Icon-Small@2x.png */,
				B536D1C614A140920072286F /* Icon.png */,
				B536D1C714A140920072286F /* Icon@2x.png */,
				B536D1C814A140920072286F /* iTunesArtwork */,
			);
			name = Icon;
			path = "../../Dropbox/Shared Folder/The iOS Apprentice 1 - Getting Started/Resources/Icon";
			sourceTree = "<group>";
		};
/* End PBXGroup section */

/* Begin PBXNativeTarget section */
		7D4FB183149FFD99008AB402 /* BullsEye */ = {
			isa = PBXNativeTarget;
			buildConfigurationList = 7D4FB1A2149FFD99008AB402 /* Build configuration list for PBXNativeTarget "BullsEye" */;
			buildPhases = (
				7D4FB180149FFD99008AB402 /* Sources */,
				7D4FB181149FFD99008AB402 /* Frameworks */,
				7D4FB182149FFD99008AB402 /* Resources */,
			);
			buildRules = (
			);
			dependencies = (
			);
			name = BullsEye;
			productName = BullsEye;
			productReference = 7D4FB184149FFD99008AB402 /* BullsEye.app */;
			productType = "com.apple.product-type.application";
		};
/* End PBXNativeTarget section */

/* Begin PBXProject section */
		7D4FB17B149FFD99008AB402 /* Project object */ = {
			isa = PBXProject;
			attributes = {
				LastUpgradeCheck = 0420;
			};
			buildConfigurationList = 7D4FB17E149FFD99008AB402 /* Build configuration list for PBXProject "BullsEye" */;
			compatibilityVersion = "Xcode 3.2";
			developmentRegion = English;
			hasScannedForEncodings = 0;
			knownRegions = (
				en,
			);
			mainGroup = 7D4FB179149FFD99008AB402;
			productRefGroup = 7D4FB185149FFD99008AB402 /* Products */;
			projectDirPath = "";
			projectRoot = "";
			targets = (
				7D4FB183149FFD99008AB402 /* BullsEye */,
			);
		};
/* End PBXProject section */

/* Begin PBXResourcesBuildPhase section */
		7D4FB182149FFD99008AB402 /* Resources */ = {
			isa = PBXResourcesBuildPhase;
			buildActionMask = 2147483647;
			files = (
				7D4FB193149FFD99008AB402 /* InfoPlist.strings in Resources */,
				7D4FB19F149FFD99008AB402 /* BullsEyeViewController.xib in Resources */,
				B536D19514A0FFA80072286F /* AboutViewController.xib in Resources */,
				B536D1A114A131550072286F /* Background.png in Resources */,
				B536D1A214A131550072286F /* Button-Highlighted.png in Resources */,
				B536D1A314A131550072286F /* Button-Normal.png in Resources */,
				B536D1A414A131550072286F /* SliderThumb-Highlighted.png in Resources */,
				B536D1A514A131550072286F /* SliderThumb-Normal.png in Resources */,
				B536D1A614A131550072286F /* SliderTrackLeft.png in Resources */,
				B536D1A714A131550072286F /* SliderTrackRight.png in Resources */,
				B536D1A814A131550072286F /* StartOverButton.png in Resources */,
				B536D1A914A131550072286F /* StartOverIcon.png in Resources */,
				B536D1AB14A13A8D0072286F /* BullsEye.html in Resources */,
				B536D1B614A13F230072286F /* Background@2x.png in Resources */,
				B536D1B714A13F230072286F /* Button-Highlighted@2x.png in Resources */,
				B536D1B814A13F230072286F /* Button-Normal@2x.png in Resources */,
				B536D1B914A13F230072286F /* SliderThumb-Highlighted@2x.png in Resources */,
				B536D1BA14A13F230072286F /* SliderThumb-Normal@2x.png in Resources */,
				B536D1BB14A13F230072286F /* SliderTrackLeft@2x.png in Resources */,
				B536D1BC14A13F230072286F /* SliderTrackRight@2x.png in Resources */,
				B536D1BD14A13F230072286F /* StartOverButton@2x.png in Resources */,
				B536D1BE14A13F230072286F /* StartOverIcon@2x.png in Resources */,
				B536D1C914A140920072286F /* Icon-72.png in Resources */,
				B536D1CA14A140920072286F /* Icon-Small-50.png in Resources */,
				B536D1CB14A140920072286F /* Icon-Small.png in Resources */,
				B536D1CC14A140920072286F /* Icon-Small@2x.png in Resources */,
				B536D1CD14A140920072286F /* Icon.png in Resources */,
				B536D1CE14A140920072286F /* Icon@2x.png in Resources */,
				B536D1CF14A140920072286F /* iTunesArtwork in Resources */,
				B536D1E814A159EC0072286F /* Default.png in Resources */,
				B536D1E914A159EC0072286F /* Default@2x.png in Resources */,
			);
			runOnlyForDeploymentPostprocessing = 0;
		};
/* End PBXResourcesBuildPhase section */

/* Begin PBXSourcesBuildPhase section */
		7D4FB180149FFD99008AB402 /* Sources */ = {
			isa = PBXSourcesBuildPhase;
			buildActionMask = 2147483647;
			files = (
				7D4FB195149FFD99008AB402 /* main.m in Sources */,
				7D4FB199149FFD99008AB402 /* BullsEyeAppDelegate.m in Sources */,
				7D4FB19C149FFD99008AB402 /* BullsEyeViewController.m in Sources */,
				B536D19414A0FFA80072286F /* AboutViewController.m in Sources */,
			);
			runOnlyForDeploymentPostprocessing = 0;
		};
/* End PBXSourcesBuildPhase section */

/* Begin PBXVariantGroup section */
		7D4FB191149FFD99008AB402 /* InfoPlist.strings */ = {
			isa = PBXVariantGroup;
			children = (
				7D4FB192149FFD99008AB402 /* en */,
			);
			name = InfoPlist.strings;
			sourceTree = "<group>";
		};
		7D4FB19D149FFD99008AB402 /* BullsEyeViewController.xib */ = {
			isa = PBXVariantGroup;
			children = (
				7D4FB19E149FFD99008AB402 /* en */,
			);
			name = BullsEyeViewController.xib;
			sourceTree = "<group>";
		};
/* End PBXVariantGroup section */

/* Begin XCBuildConfiguration section */
		7D4FB1A0149FFD99008AB402 /* Debug */ = {
			isa = XCBuildConfiguration;
			buildSettings = {
				ALWAYS_SEARCH_USER_PATHS = NO;
				ARCHS = "$(ARCHS_STANDARD_32_BIT)";
				CLANG_ENABLE_OBJC_ARC = YES;
				"CODE_SIGN_IDENTITY[sdk=iphoneos*]" = "iPhone Developer";
				COPY_PHASE_STRIP = NO;
				GCC_C_LANGUAGE_STANDARD = gnu99;
				GCC_DYNAMIC_NO_PIC = NO;
				GCC_OPTIMIZATION_LEVEL = 0;
				GCC_PREPROCESSOR_DEFINITIONS = (
					"DEBUG=1",
					"$(inherited)",
				);
				GCC_SYMBOLS_PRIVATE_EXTERN = NO;
				GCC_VERSION = com.apple.compilers.llvm.clang.1_0;
				GCC_WARN_ABOUT_MISSING_PROTOTYPES = YES;
				GCC_WARN_ABOUT_RETURN_TYPE = YES;
				GCC_WARN_UNUSED_VARIABLE = YES;
				IPHONEOS_DEPLOYMENT_TARGET = 5.0;
				SDKROOT = iphoneos;
			};
			name = Debug;
		};
		7D4FB1A1149FFD99008AB402 /* Release */ = {
			isa = XCBuildConfiguration;
			buildSettings = {
				ALWAYS_SEARCH_USER_PATHS = NO;
				ARCHS = "$(ARCHS_STANDARD_32_BIT)";
				CLANG_ENABLE_OBJC_ARC = YES;
				"CODE_SIGN_IDENTITY[sdk=iphoneos*]" = "iPhone Developer";
				COPY_PHASE_STRIP = YES;
				GCC_C_LANGUAGE_STANDARD = gnu99;
				GCC_VERSION = com.apple.compilers.llvm.clang.1_0;
				GCC_WARN_ABOUT_MISSING_PROTOTYPES = YES;
				GCC_WARN_ABOUT_RETURN_TYPE = YES;
				GCC_WARN_UNUSED_VARIABLE = YES;
				IPHONEOS_DEPLOYMENT_TARGET = 5.0;
				OTHER_CFLAGS = "-DNS_BLOCK_ASSERTIONS=1";
				SDKROOT = iphoneos;
				VALIDATE_PRODUCT = YES;
			};
			name = Release;
		};
		7D4FB1A3149FFD99008AB402 /* Debug */ = {
			isa = XCBuildConfiguration;
			buildSettings = {
				GCC_PRECOMPILE_PREFIX_HEADER = YES;
				GCC_PREFIX_HEADER = "BullsEye/BullsEye-Prefix.pch";
				INFOPLIST_FILE = "BullsEye/BullsEye-Info.plist";
				PRODUCT_NAME = "$(TARGET_NAME)";
				WRAPPER_EXTENSION = app;
			};
			name = Debug;
		};
		7D4FB1A4149FFD99008AB402 /* Release */ = {
			isa = XCBuildConfiguration;
			buildSettings = {
				GCC_PRECOMPILE_PREFIX_HEADER = YES;
				GCC_PREFIX_HEADER = "BullsEye/BullsEye-Prefix.pch";
				INFOPLIST_FILE = "BullsEye/BullsEye-Info.plist";
				PRODUCT_NAME = "$(TARGET_NAME)";
				WRAPPER_EXTENSION = app;
			};
			name = Release;
		};
/* End XCBuildConfiguration section */

/* Begin XCConfigurationList section */
		7D4FB17E149FFD99008AB402 /* Build configuration list for PBXProject "BullsEye" */ = {
			isa = XCConfigurationList;
			buildConfigurations = (
				7D4FB1A0149FFD99008AB402 /* Debug */,
				7D4FB1A1149FFD99008AB402 /* Release */,
			);
			defaultConfigurationIsVisible = 0;
			defaultConfigurationName = Release;
		};
		7D4FB1A2149FFD99008AB402 /* Build configuration list for PBXNativeTarget "BullsEye" */ = {
			isa = XCConfigurationList;
			buildConfigurations = (
				7D4FB1A3149FFD99008AB402 /* Debug */,
				7D4FB1A4149FFD99008AB402 /* Release */,
			);
			defaultConfigurationIsVisible = 0;
			defaultConfigurationName = Release;
		};
/* End XCConfigurationList section */
	};
	rootObject = 7D4FB17B149FFD99008AB402 /* Project object */;
}
