// !$*UTF8*$!
{
	archiveVersion = 1;
	classes = {
	};
	objectVersion = 46;
	objects = {

/* Begin PBXBuildFile section */
		7D4FB189149FFD99008AB402 /* UIKit.framework in Frameworks */ = {isa = PBXBuildFile; fileRef = 7D4FB188149FFD99008AB402 /* UIKit.framework */; };
		7D4FB18B149FFD99008AB402 /* Foundation.framework in Frameworks */ = {isa = PBXBuildFile; fileRef = 7D4FB18A149FFD99008AB402 /* Foundation.framework */; };
		7D4FB18D149FFD99008AB402 /* CoreGraphics.framework in Frameworks */ = {isa = PBXBuildFile; fileRef = 7D4FB18C149FFD99008AB402 /* CoreGraphics.framework */; };
		7D4FB193149FFD99008AB402 /* InfoPlist.strings in Resources */ = {isa = PBXBuildFile; fileRef = 7D4FB191149FFD99008AB402 /* InfoPlist.strings */; };
		7D4FB195149FFD99008AB402 /* main.m in Sources */ = {isa = PBXBuildFile; fileRef = 7D4FB194149FFD99008AB402 /* main.m */; };
		7D4FB199149FFD99008AB402 /* BullsEyeAppDelegate.m in Sources */ = {isa = PBXBuildFile; fileRef = 7D4FB198149FFD99008AB402 /* BullsEyeAppDelegate.m */; };
		7D4FB19C149FFD99008AB402 /* BullsEyeViewController.m in Sources */ = {isa = PBXBuildFile; fileRef = 7D4FB19B149FFD99008AB402 /* BullsEyeViewController.m */; };
		7D4FB19F149FFD99008AB402 /* BullsEyeViewController.xib in Resources */ = {isa = PBXBuildFile; fileRef = 7D4FB19D149FFD99008AB402 /* BullsEyeViewController.xib */; };
/* End PBXBuildFile section */

/* Begin PBXFileReference section */
		7D4FB184149FFD99008AB402 /* BullsEye.app */ = {isa = PBXFileReference; explicitFileType = wrapper.application; includeInIndex = 0; path = BullsEye.app; sourceTree = BUILT_PRODUCTS_DIR; };
		7D4FB188149FFD99008AB402 /* UIKit.framework */ = {isa = PBXFileReference; lastKnownFileType = wrapper.framework; name = UIKit.framework; path = System/Library/Frameworks/UIKit.framework; sourceTree = SDKROOT; };
		7D4FB18A149FFD99008AB402 /* Foundation.framework */ = {isa = PBXFileReference; lastKnownFileType = wrapper.framework; name = Foundation.framework; path = System/Library/Frameworks/Foundation.framework; sourceTree = SDKROOT; };
		7D4FB18C149FFD99008AB402 /* CoreGraphics.framework */ = {isa = PBXFileReference; lastKnownFileType = wrapper.framework; name = CoreGraphics.framework; path = System/Library/Frameworks/CoreGraphics.framework; sourceTree = SDKROOT; };
		7D4FB190149FFD99008AB402 /* BullsEye-Info.plist */ = {isa = PBXFileReference; lastKnownFileType = text.plist.xml; path = "BullsEye-Info.plist"; sourceTree = "<group>"; };
		7D4FB192149FFD99008AB402 /* en */ = {isa = PBXFileReference; lastKnownFileType = text.plist.strings; name = en; path = en.lproj/InfoPlist.strings; sourceTree = "<group>"; };
		7D4FB194149FFD99008AB402 /* main.m */ = {isa = PBXFileReference; lastKnownFileType = sourcecode.c.objc; path = main.m; sourceTree = "<group>"; };
		7D4FB196149FFD99008AB402 /* BullsEye-Prefix.pch */ = {isa = PBXFileReference; lastKnownFileType = sourcecode.c.h; path = "BullsEye-Prefix.pch"; sourceTree = "<group>"; };
		7D4FB197149FFD99008AB402 /* BullsEyeAppDelegate.h */ = {isa = PBXFileReference; lastKnownFileType = sourcecode.c.h; path = BullsEyeAppDelegate.h; sourceTree = "<group>"; };
		7D4FB198149FFD99008AB402 /* BullsEyeAppDelegate.m */ = {isa = PBXFileReference; lastKnownFileType = sourcecode.c.objc; path = BullsEyeAppDelegate.m; sourceTree = "<group>"; };
		7D4FB19A149FFD99008AB402 /* BullsEyeViewController.h */ = {isa = PBXFileReference; lastKnownFileType = sourcecode.c.h; path = BullsEyeViewController.h; sourceTree = "<group>"; };
		7D4FB19B149FFD99008AB402 /* BullsEyeViewController.m */ = {isa = PBXFileReference; lastKnownFileType = sourcecode.c.objc; path = BullsEyeViewController.m; sourceTree = "<group>"; };
		7D4FB19E149FFD99008AB402 /* en */ = {isa = PBXFileReference; lastKnownFileType = file.xib; name = en; path = en.lproj/BullsEyeViewController.xib; sourceTree = "<group>"; };
/* End PBXFileReference section */

/* Begin PBXFrameworksBuildPhase section */
		7D4FB181149FFD99008AB402 /* Frameworks */ = {
			isa = PBXFrameworksBuildPhase;
			buildActionMask = 2147483647;
			files = (
				7D4FB189149FFD99008AB402 /* UIKit.framework in Frameworks */,
				7D4FB18B149FFD99008AB402 /* Foundation.framework in Frameworks */,
				7D4FB18D149FFD99008AB402 /* CoreGraphics.framework in Frameworks */,
			);
			runOnlyForDeploymentPostprocessing = 0;
		};
/* End PBXFrameworksBuildPhase section */

/* Begin PBXGroup section */
		7D4FB179149FFD99008AB402 = {
			isa = PBXGroup;
			children = (
				7D4FB18E149FFD99008AB402 /* BullsEye */,
				7D4FB187149FFD99008AB402 /* Frameworks */,
				7D4FB185149FFD99008AB402 /* Products */,
			);
			sourceTree = "<group>";
		};
		7D4FB185149FFD99008AB402 /* Products */ = {
			isa = PBXGroup;
			children = (
				7D4FB184149FFD99008AB402 /* BullsEye.app */,
			);
			name = Products;
			sourceTree = "<group>";
		};
		7D4FB187149FFD99008AB402 /* Frameworks */ = {
			isa = PBXGroup;
			children = (
				7D4FB188149FFD99008AB402 /* UIKit.framework */,
				7D4FB18A149FFD99008AB402 /* Foundation.framework */,
				7D4FB18C149FFD99008AB402 /* CoreGraphics.framework */,
			);
			name = Frameworks;
			sourceTree = "<group>";
		};
		7D4FB18E149FFD99008AB402 /* BullsEye */ = {
			isa = PBXGroup;
			children = (
				7D4FB197149FFD99008AB402 /* BullsEyeAppDelegate.h */,
				7D4FB198149FFD99008AB402 /* BullsEyeAppDelegate.m */,
				7D4FB19A149FFD99008AB402 /* BullsEyeViewController.h */,
				7D4FB19B149FFD99008AB402 /* BullsEyeViewController.m */,
				7D4FB19D149FFD99008AB402 /* BullsEyeViewController.xib */,
				7D4FB18F149FFD99008AB402 /* Supporting Files */,
			);
			path = BullsEye;
			sourceTree = "<group>";
		};
		7D4FB18F149FFD99008AB402 /* Supporting Files */ = {
			isa = PBXGroup;
			children = (
				7D4FB190149FFD99008AB402 /* BullsEye-Info.plist */,
				7D4FB191149FFD99008AB402 /* InfoPlist.strings */,
				7D4FB194149FFD99008AB402 /* main.m */,
				7D4FB196149FFD99008AB402 /* BullsEye-Prefix.pch */,
			);
			name = "Supporting Files";
			sourceTree = "<group>";
		};
/* End PBXGroup section */

/* Begin PBXNativeTarget section */
		7D4FB183149FFD99008AB402 /* BullsEye */ = {
			isa = PBXNativeTarget;
			buildConfigurationList = 7D4FB1A2149FFD99008AB402 /* Build configuration list for PBXNativeTarget "BullsEye" */;
			buildPhases = (
				7D4FB180149FFD99008AB402 /* Sources */,
				7D4FB181149FFD99008AB402 /* Frameworks */,
				7D4FB182149FFD99008AB402 /* Resources */,
			);
			buildRules = (
			);
			dependencies = (
			);
			name = BullsEye;
			productName = BullsEye;
			productReference = 7D4FB184149FFD99008AB402 /* BullsEye.app */;
			productType = "com.apple.product-type.application";
		};
/* End PBXNativeTarget section */

/* Begin PBXProject section */
		7D4FB17B149FFD99008AB402 /* Project object */ = {
			isa = PBXProject;
			attributes = {
				LastUpgradeCheck = 0420;
			};
			buildConfigurationList = 7D4FB17E149FFD99008AB402 /* Build configuration list for PBXProject "BullsEye" */;
			compatibilityVersion = "Xcode 3.2";
			developmentRegion = English;
			hasScannedForEncodings = 0;
			knownRegions = (
				en,
			);
			mainGroup = 7D4FB179149FFD99008AB402;
			productRefGroup = 7D4FB185149FFD99008AB402 /* Products */;
			projectDirPath = "";
			projectRoot = "";
			targets = (
				7D4FB183149FFD99008AB402 /* BullsEye */,
			);
		};
/* End PBXProject section */

/* Begin PBXResourcesBuildPhase section */
		7D4FB182149FFD99008AB402 /* Resources */ = {
			isa = PBXResourcesBuildPhase;
			buildActionMask = 2147483647;
			files = (
				7D4FB193149FFD99008AB402 /* InfoPlist.strings in Resources */,
				7D4FB19F149FFD99008AB402 /* BullsEyeViewController.xib in Resources */,
			);
			runOnlyForDeploymentPostprocessing = 0;
		};
/* End PBXResourcesBuildPhase section */

/* Begin PBXSourcesBuildPhase section */
		7D4FB180149FFD99008AB402 /* Sources */ = {
			isa = PBXSourcesBuildPhase;
			buildActionMask = 2147483647;
			files = (
				7D4FB195149FFD99008AB402 /* main.m in Sources */,
				7D4FB199149FFD99008AB402 /* BullsEyeAppDelegate.m in Sources */,
				7D4FB19C149FFD99008AB402 /* BullsEyeViewController.m in Sources */,
			);
			runOnlyForDeploymentPostprocessing = 0;
		};
/* End PBXSourcesBuildPhase section */

/* Begin PBXVariantGroup section */
		7D4FB191149FFD99008AB402 /* InfoPlist.strings */ = {
			isa = PBXVariantGroup;
			children = (
				7D4FB192149FFD99008AB402 /* en */,
			);
			name = InfoPlist.strings;
			sourceTree = "<group>";
		};
		7D4FB19D149FFD99008AB402 /* BullsEyeViewController.xib */ = {
			isa = PBXVariantGroup;
			children = (
				7D4FB19E149FFD99008AB402 /* en */,
			);
			name = BullsEyeViewController.xib;
			sourceTree = "<group>";
		};
/* End PBXVariantGroup section */

/* Begin XCBuildConfiguration section */
		7D4FB1A0149FFD99008AB402 /* Debug */ = {
			isa = XCBuildConfiguration;
			buildSettings = {
				ALWAYS_SEARCH_USER_PATHS = NO;
				ARCHS = "$(ARCHS_STANDARD_32_BIT)";
				CLANG_ENABLE_OBJC_ARC = YES;
				"CODE_SIGN_IDENTITY[sdk=iphoneos*]" = "iPhone Developer";
				COPY_PHASE_STRIP = NO;
				GCC_C_LANGUAGE_STANDARD = gnu99;
				GCC_DYNAMIC_NO_PIC = NO;
				GCC_OPTIMIZATION_LEVEL = 0;
				GCC_PREPROCESSOR_DEFINITIONS = (
					"DEBUG=1",
					"$(inherited)",
				);
				GCC_SYMBOLS_PRIVATE_EXTERN = NO;
				GCC_VERSION = com.apple.compilers.llvm.clang.1_0;
				GCC_WARN_ABOUT_MISSING_PROTOTYPES = YES;
				GCC_WARN_ABOUT_RETURN_TYPE = YES;
				GCC_WARN_UNUSED_VARIABLE = YES;
				IPHONEOS_DEPLOYMENT_TARGET = 5.0;
				SDKROOT = iphoneos;
			};
			name = Debug;
		};
		7D4FB1A1149FFD99008AB402 /* Release */ = {
			isa = XCBuildConfiguration;
			buildSettings = {
				ALWAYS_SEARCH_USER_PATHS = NO;
				ARCHS = "$(ARCHS_STANDARD_32_BIT)";
				CLANG_ENABLE_OBJC_ARC = YES;
				"CODE_SIGN_IDENTITY[sdk=iphoneos*]" = "iPhone Developer";
				COPY_PHASE_STRIP = YES;
				GCC_C_LANGUAGE_STANDARD = gnu99;
				GCC_VERSION = com.apple.compilers.llvm.clang.1_0;
				GCC_WARN_ABOUT_MISSING_PROTOTYPES = YES;
				GCC_WARN_ABOUT_RETURN_TYPE = YES;
				GCC_WARN_UNUSED_VARIABLE = YES;
				IPHONEOS_DEPLOYMENT_TARGET = 5.0;
				OTHER_CFLAGS = "-DNS_BLOCK_ASSERTIONS=1";
				SDKROOT = iphoneos;
				VALIDATE_PRODUCT = YES;
			};
			name = Release;
		};
		7D4FB1A3149FFD99008AB402 /* Debug */ = {
			isa = XCBuildConfiguration;
			buildSettings = {
				GCC_PRECOMPILE_PREFIX_HEADER = YES;
				GCC_PREFIX_HEADER = "BullsEye/BullsEye-Prefix.pch";
				INFOPLIST_FILE = "BullsEye/BullsEye-Info.plist";
				PRODUCT_NAME = "$(TARGET_NAME)";
				WRAPPER_EXTENSION = app;
			};
			name = Debug;
		};
		7D4FB1A4149FFD99008AB402 /* Release */ = {
			isa = XCBuildConfiguration;
			buildSettings = {
				GCC_PRECOMPILE_PREFIX_HEADER = YES;
				GCC_PREFIX_HEADER = "BullsEye/BullsEye-Prefix.pch";
				INFOPLIST_FILE = "BullsEye/BullsEye-Info.plist";
				PRODUCT_NAME = "$(TARGET_NAME)";
				WRAPPER_EXTENSION = app;
			};
			name = Release;
		};
/* End XCBuildConfiguration section */

/* Begin XCConfigurationList section */
		7D4FB17E149FFD99008AB402 /* Build configuration list for PBXProject "BullsEye" */ = {
			isa = XCConfigurationList;
			buildConfigurations = (
				7D4FB1A0149FFD99008AB402 /* Debug */,
				7D4FB1A1149FFD99008AB402 /* Release */,
			);
			defaultConfigurationIsVisible = 0;
			defaultConfigurationName = Release;
		};
		7D4FB1A2149FFD99008AB402 /* Build configuration list for PBXNativeTarget "BullsEye" */ = {
			isa = XCConfigurationList;
			buildConfigurations = (
				7D4FB1A3149FFD99008AB402 /* Debug */,
				7D4FB1A4149FFD99008AB402 /* Release */,
			);
			defaultConfigurationIsVisible = 0;
		};
/* End XCConfigurationList section */
	};
	rootObject = 7D4FB17B149FFD99008AB402 /* Project object */;
}
